
Microsoft Visual Studio Solution File, Format Version 12.00
# Visual Studio Version 16
VisualStudioVersion = 16.0.29911.84
MinimumVisualStudioVersion = 10.0.40219.1
Project("{FAE04EC0-301F-11D3-BF4B-00C04F79EFBC}") = "SENG1120 Assignment2 (C Sharp)", "SENG1120 Assignment2 (C Sharp).csproj", "{99E011D3-0AC3-43B9-A840-2246E09C23D5}"
EndProject
Global
	GlobalSection(SolutionConfigurationPlatforms) = preSolution
		Debug|Any CPU = Debug|Any CPU
		Release|Any CPU = Release|Any CPU
	EndGlobalSection
	GlobalSection(ProjectConfigurationPlatforms) = postSolution
		{99E011D3-0AC3-43B9-A840-2246E09C23D5}.Debug|Any CPU.ActiveCfg = Debug|Any CPU
		{99E011D3-0AC3-43B9-A840-2246E09C23D5}.Debug|Any CPU.Build.0 = Debug|Any CPU
		{99E011D3-0AC3-43B9-A840-2246E09C23D5}.Release|Any CPU.ActiveCfg = Release|Any CPU
		{99E011D3-0AC3-43B9-A840-2246E09C23D5}.Release|Any CPU.Build.0 = Release|Any CPU
	EndGlobalSection
	GlobalSection(SolutionProperties) = preSolution
		HideSolutionNode = FALSE
	EndGlobalSection
	GlobalSection(ExtensibilityGlobals) = postSolution
		SolutionGuid = {5B30B14E-4211-4809-8678-DD705107A8B2}
	EndGlobalSection
EndGlobal
